
Microsoft Visual Studio Solution File, Format Version 12.00
# Visual Studio 15
VisualStudioVersion = 15.0.26730.15
MinimumVisualStudioVersion = 10.0.40219.1
Project("{FAE04EC0-301F-11D3-BF4B-00C04F79EFBC}") = "VDA_Android", "VDA_Android\VDA_Android.csproj", "{2A237A99-74B6-4B54-A175-BA875B90C4BF}"
EndProject
Global
	GlobalSection(SolutionConfigurationPlatforms) = preSolution
		Debug|Any CPU = Debug|Any CPU
		Release|Any CPU = Release|Any CPU
	EndGlobalSection
	GlobalSection(ProjectConfigurationPlatforms) = postSolution
		{2A237A99-74B6-4B54-A175-BA875B90C4BF}.Debug|Any CPU.ActiveCfg = Debug|Any CPU
		{2A237A99-74B6-4B54-A175-BA875B90C4BF}.Debug|Any CPU.Build.0 = Debug|Any CPU
		{2A237A99-74B6-4B54-A175-BA875B90C4BF}.Debug|Any CPU.Deploy.0 = Debug|Any CPU
		{2A237A99-74B6-4B54-A175-BA875B90C4BF}.Release|Any CPU.ActiveCfg = Release|Any CPU
		{2A237A99-74B6-4B54-A175-BA875B90C4BF}.Release|Any CPU.Build.0 = Release|Any CPU
		{2A237A99-74B6-4B54-A175-BA875B90C4BF}.Release|Any CPU.Deploy.0 = Release|Any CPU
	EndGlobalSection
	GlobalSection(SolutionProperties) = preSolution
		HideSolutionNode = FALSE
	EndGlobalSection
	GlobalSection(ExtensibilityGlobals) = postSolution
		SolutionGuid = {57976E7B-2D44-4A57-8D76-494130A476D8}
	EndGlobalSection
EndGlobal
